{
  "nodes": {
    "nixpkgs": {
      "locked": {
        "lastModified": 1650970888,
        "narHash": "sha256-K0Qk6YbkyxBbszkBKCxsLA+jrQpaecf0X8iIO8frS48=",
        "owner": "NixOS",
        "repo": "nixpkgs",
        "rev": "27a62a9c603d0d832141682cb4f34964d7b48ebb",
        "type": "github"
      },
      "original": {
        "id": "nixpkgs",
        "type": "indirect"
      }
    },
    "nixpkgs-ruby": {
      "locked": {
        "lastModified": 1641240519,
        "narHash": "sha256-c4HeaYPcvRoj45XUY3RWuoVCtpBOMF4NDur+B655SI8=",
        "owner": "nixos",
        "repo": "nixpkgs",
        "rev": "c82b46413401efa740a0b994f52e9903a4f6dcd5",
        "type": "github"
      },
      "original": {
        "owner": "nixos",
        "repo": "nixpkgs",
        "rev": "c82b46413401efa740a0b994f52e9903a4f6dcd5",
        "type": "github"
      }
    },
    "root": {
      "inputs": {
        "nixpkgs": "nixpkgs",
        "nixpkgs-ruby": "nixpkgs-ruby"
      }
    }
  },
  "root": "root",
  "version": 7
}
