{
  "nodes": {
    "nixpkgs": {
      "locked": {
        "lastModified": 1648219316,
        "narHash": "sha256-Ctij+dOi0ZZIfX5eMhgwugfvB+WZSrvVNAyAuANOsnQ=",
        "owner": "NixOS",
        "repo": "nixpkgs",
        "rev": "30d3d79b7d3607d56546dd2a6b49e156ba0ec634",
        "type": "github"
      },
      "original": {
        "id": "nixpkgs",
        "type": "indirect"
      }
    },
    "nixpkgs-ruby": {
      "locked": {
        "lastModified": 1641240519,
        "narHash": "sha256-c4HeaYPcvRoj45XUY3RWuoVCtpBOMF4NDur+B655SI8=",
        "owner": "nixos",
        "repo": "nixpkgs",
        "rev": "c82b46413401efa740a0b994f52e9903a4f6dcd5",
        "type": "github"
      },
      "original": {
        "owner": "nixos",
        "repo": "nixpkgs",
        "rev": "c82b46413401efa740a0b994f52e9903a4f6dcd5",
        "type": "github"
      }
    },
    "root": {
      "inputs": {
        "nixpkgs": "nixpkgs",
        "nixpkgs-ruby": "nixpkgs-ruby"
      }
    }
  },
  "root": "root",
  "version": 7
}
